
Microsoft Visual Studio Solution File, Format Version 12.00
# Visual Studio Version 16
VisualStudioVersion = 16.6.30114.105
MinimumVisualStudioVersion = 10.0.40219.1
Project("{2150E333-8FDC-42A3-9474-1A3956D46DE8}") = "src", "src", "{CF03E9CE-AA7F-4514-ADCE-69FF23AF7371}"
EndProject
Project("{FAE04EC0-301F-11D3-BF4B-00C04F79EFBC}") = "IdentityServer", "src\IdentityServer\IdentityServer.csproj", "{4046F11C-C177-4095-8B34-B257E41453A6}"
EndProject
Project("{FAE04EC0-301F-11D3-BF4B-00C04F79EFBC}") = "Api", "src\Api\Api.csproj", "{541F8F46-23D4-4E73-B9C7-06458D3AD4EE}"
EndProject
Project("{FAE04EC0-301F-11D3-BF4B-00C04F79EFBC}") = "Client", "src\Client\Client.csproj", "{2D966017-6874-4D1F-B0F2-BB00760C0E52}"
EndProject
Project("{FAE04EC0-301F-11D3-BF4B-00C04F79EFBC}") = "MvcClient", "src\MvcClient\MvcClient.csproj", "{0E491138-4CE1-4FE1-9564-E4527CCBEF77}"
EndProject
Project("{FAE04EC0-301F-11D3-BF4B-00C04F79EFBC}") = "JavaScriptClient", "src\JavaScriptClient\JavaScriptClient.csproj", "{102875B4-2E7C-43EA-93DD-8A78B2F7D5C1}"
EndProject
Project("{FAE04EC0-301F-11D3-BF4B-00C04F79EFBC}") = "IdentityServerAspNetIdentity", "src\IdentityServerAspNetIdentity\IdentityServerAspNetIdentity.csproj", "{80DD06D7-3A17-49D7-8BC1-3C1A94E122E4}"
EndProject
Global
	GlobalSection(SolutionConfigurationPlatforms) = preSolution
		Debug|Any CPU = Debug|Any CPU
		Debug|x64 = Debug|x64
		Debug|x86 = Debug|x86
		Release|Any CPU = Release|Any CPU
		Release|x64 = Release|x64
		Release|x86 = Release|x86
	EndGlobalSection
	GlobalSection(SolutionProperties) = preSolution
		HideSolutionNode = FALSE
	EndGlobalSection
	GlobalSection(ProjectConfigurationPlatforms) = postSolution
		{4046F11C-C177-4095-8B34-B257E41453A6}.Debug|Any CPU.ActiveCfg = Debug|Any CPU
		{4046F11C-C177-4095-8B34-B257E41453A6}.Debug|Any CPU.Build.0 = Debug|Any CPU
		{4046F11C-C177-4095-8B34-B257E41453A6}.Debug|x64.ActiveCfg = Debug|Any CPU
		{4046F11C-C177-4095-8B34-B257E41453A6}.Debug|x64.Build.0 = Debug|Any CPU
		{4046F11C-C177-4095-8B34-B257E41453A6}.Debug|x86.ActiveCfg = Debug|Any CPU
		{4046F11C-C177-4095-8B34-B257E41453A6}.Debug|x86.Build.0 = Debug|Any CPU
		{4046F11C-C177-4095-8B34-B257E41453A6}.Release|Any CPU.ActiveCfg = Release|Any CPU
		{4046F11C-C177-4095-8B34-B257E41453A6}.Release|Any CPU.Build.0 = Release|Any CPU
		{4046F11C-C177-4095-8B34-B257E41453A6}.Release|x64.ActiveCfg = Release|Any CPU
		{4046F11C-C177-4095-8B34-B257E41453A6}.Release|x64.Build.0 = Release|Any CPU
		{4046F11C-C177-4095-8B34-B257E41453A6}.Release|x86.ActiveCfg = Release|Any CPU
		{4046F11C-C177-4095-8B34-B257E41453A6}.Release|x86.Build.0 = Release|Any CPU
		{541F8F46-23D4-4E73-B9C7-06458D3AD4EE}.Debug|Any CPU.ActiveCfg = Debug|Any CPU
		{541F8F46-23D4-4E73-B9C7-06458D3AD4EE}.Debug|Any CPU.Build.0 = Debug|Any CPU
		{541F8F46-23D4-4E73-B9C7-06458D3AD4EE}.Debug|x64.ActiveCfg = Debug|Any CPU
		{541F8F46-23D4-4E73-B9C7-06458D3AD4EE}.Debug|x64.Build.0 = Debug|Any CPU
		{541F8F46-23D4-4E73-B9C7-06458D3AD4EE}.Debug|x86.ActiveCfg = Debug|Any CPU
		{541F8F46-23D4-4E73-B9C7-06458D3AD4EE}.Debug|x86.Build.0 = Debug|Any CPU
		{541F8F46-23D4-4E73-B9C7-06458D3AD4EE}.Release|Any CPU.ActiveCfg = Release|Any CPU
		{541F8F46-23D4-4E73-B9C7-06458D3AD4EE}.Release|Any CPU.Build.0 = Release|Any CPU
		{541F8F46-23D4-4E73-B9C7-06458D3AD4EE}.Release|x64.ActiveCfg = Release|Any CPU
		{541F8F46-23D4-4E73-B9C7-06458D3AD4EE}.Release|x64.Build.0 = Release|Any CPU
		{541F8F46-23D4-4E73-B9C7-06458D3AD4EE}.Release|x86.ActiveCfg = Release|Any CPU
		{541F8F46-23D4-4E73-B9C7-06458D3AD4EE}.Release|x86.Build.0 = Release|Any CPU
		{2D966017-6874-4D1F-B0F2-BB00760C0E52}.Debug|Any CPU.ActiveCfg = Debug|Any CPU
		{2D966017-6874-4D1F-B0F2-BB00760C0E52}.Debug|Any CPU.Build.0 = Debug|Any CPU
		{2D966017-6874-4D1F-B0F2-BB00760C0E52}.Debug|x64.ActiveCfg = Debug|Any CPU
		{2D966017-6874-4D1F-B0F2-BB00760C0E52}.Debug|x64.Build.0 = Debug|Any CPU
		{2D966017-6874-4D1F-B0F2-BB00760C0E52}.Debug|x86.ActiveCfg = Debug|Any CPU
		{2D966017-6874-4D1F-B0F2-BB00760C0E52}.Debug|x86.Build.0 = Debug|Any CPU
		{2D966017-6874-4D1F-B0F2-BB00760C0E52}.Release|Any CPU.ActiveCfg = Release|Any CPU
		{2D966017-6874-4D1F-B0F2-BB00760C0E52}.Release|Any CPU.Build.0 = Release|Any CPU
		{2D966017-6874-4D1F-B0F2-BB00760C0E52}.Release|x64.ActiveCfg = Release|Any CPU
		{2D966017-6874-4D1F-B0F2-BB00760C0E52}.Release|x64.Build.0 = Release|Any CPU
		{2D966017-6874-4D1F-B0F2-BB00760C0E52}.Release|x86.ActiveCfg = Release|Any CPU
		{2D966017-6874-4D1F-B0F2-BB00760C0E52}.Release|x86.Build.0 = Release|Any CPU
		{0E491138-4CE1-4FE1-9564-E4527CCBEF77}.Debug|Any CPU.ActiveCfg = Debug|Any CPU
		{0E491138-4CE1-4FE1-9564-E4527CCBEF77}.Debug|Any CPU.Build.0 = Debug|Any CPU
		{0E491138-4CE1-4FE1-9564-E4527CCBEF77}.Debug|x64.ActiveCfg = Debug|Any CPU
		{0E491138-4CE1-4FE1-9564-E4527CCBEF77}.Debug|x64.Build.0 = Debug|Any CPU
		{0E491138-4CE1-4FE1-9564-E4527CCBEF77}.Debug|x86.ActiveCfg = Debug|Any CPU
		{0E491138-4CE1-4FE1-9564-E4527CCBEF77}.Debug|x86.Build.0 = Debug|Any CPU
		{0E491138-4CE1-4FE1-9564-E4527CCBEF77}.Release|Any CPU.ActiveCfg = Release|Any CPU
		{0E491138-4CE1-4FE1-9564-E4527CCBEF77}.Release|Any CPU.Build.0 = Release|Any CPU
		{0E491138-4CE1-4FE1-9564-E4527CCBEF77}.Release|x64.ActiveCfg = Release|Any CPU
		{0E491138-4CE1-4FE1-9564-E4527CCBEF77}.Release|x64.Build.0 = Release|Any CPU
		{0E491138-4CE1-4FE1-9564-E4527CCBEF77}.Release|x86.ActiveCfg = Release|Any CPU
		{0E491138-4CE1-4FE1-9564-E4527CCBEF77}.Release|x86.Build.0 = Release|Any CPU
		{102875B4-2E7C-43EA-93DD-8A78B2F7D5C1}.Debug|Any CPU.ActiveCfg = Debug|Any CPU
		{102875B4-2E7C-43EA-93DD-8A78B2F7D5C1}.Debug|Any CPU.Build.0 = Debug|Any CPU
		{102875B4-2E7C-43EA-93DD-8A78B2F7D5C1}.Debug|x64.ActiveCfg = Debug|Any CPU
		{102875B4-2E7C-43EA-93DD-8A78B2F7D5C1}.Debug|x64.Build.0 = Debug|Any CPU
		{102875B4-2E7C-43EA-93DD-8A78B2F7D5C1}.Debug|x86.ActiveCfg = Debug|Any CPU
		{102875B4-2E7C-43EA-93DD-8A78B2F7D5C1}.Debug|x86.Build.0 = Debug|Any CPU
		{102875B4-2E7C-43EA-93DD-8A78B2F7D5C1}.Release|Any CPU.ActiveCfg = Release|Any CPU
		{102875B4-2E7C-43EA-93DD-8A78B2F7D5C1}.Release|Any CPU.Build.0 = Release|Any CPU
		{102875B4-2E7C-43EA-93DD-8A78B2F7D5C1}.Release|x64.ActiveCfg = Release|Any CPU
		{102875B4-2E7C-43EA-93DD-8A78B2F7D5C1}.Release|x64.Build.0 = Release|Any CPU
		{102875B4-2E7C-43EA-93DD-8A78B2F7D5C1}.Release|x86.ActiveCfg = Release|Any CPU
		{102875B4-2E7C-43EA-93DD-8A78B2F7D5C1}.Release|x86.Build.0 = Release|Any CPU
		{80DD06D7-3A17-49D7-8BC1-3C1A94E122E4}.Debug|Any CPU.ActiveCfg = Debug|Any CPU
		{80DD06D7-3A17-49D7-8BC1-3C1A94E122E4}.Debug|Any CPU.Build.0 = Debug|Any CPU
		{80DD06D7-3A17-49D7-8BC1-3C1A94E122E4}.Debug|x64.ActiveCfg = Debug|Any CPU
		{80DD06D7-3A17-49D7-8BC1-3C1A94E122E4}.Debug|x64.Build.0 = Debug|Any CPU
		{80DD06D7-3A17-49D7-8BC1-3C1A94E122E4}.Debug|x86.ActiveCfg = Debug|Any CPU
		{80DD06D7-3A17-49D7-8BC1-3C1A94E122E4}.Debug|x86.Build.0 = Debug|Any CPU
		{80DD06D7-3A17-49D7-8BC1-3C1A94E122E4}.Release|Any CPU.ActiveCfg = Release|Any CPU
		{80DD06D7-3A17-49D7-8BC1-3C1A94E122E4}.Release|Any CPU.Build.0 = Release|Any CPU
		{80DD06D7-3A17-49D7-8BC1-3C1A94E122E4}.Release|x64.ActiveCfg = Release|Any CPU
		{80DD06D7-3A17-49D7-8BC1-3C1A94E122E4}.Release|x64.Build.0 = Release|Any CPU
		{80DD06D7-3A17-49D7-8BC1-3C1A94E122E4}.Release|x86.ActiveCfg = Release|Any CPU
		{80DD06D7-3A17-49D7-8BC1-3C1A94E122E4}.Release|x86.Build.0 = Release|Any CPU
	EndGlobalSection
	GlobalSection(NestedProjects) = preSolution
		{4046F11C-C177-4095-8B34-B257E41453A6} = {CF03E9CE-AA7F-4514-ADCE-69FF23AF7371}
		{541F8F46-23D4-4E73-B9C7-06458D3AD4EE} = {CF03E9CE-AA7F-4514-ADCE-69FF23AF7371}
		{2D966017-6874-4D1F-B0F2-BB00760C0E52} = {CF03E9CE-AA7F-4514-ADCE-69FF23AF7371}
		{0E491138-4CE1-4FE1-9564-E4527CCBEF77} = {CF03E9CE-AA7F-4514-ADCE-69FF23AF7371}
		{102875B4-2E7C-43EA-93DD-8A78B2F7D5C1} = {CF03E9CE-AA7F-4514-ADCE-69FF23AF7371}
		{80DD06D7-3A17-49D7-8BC1-3C1A94E122E4} = {CF03E9CE-AA7F-4514-ADCE-69FF23AF7371}
	EndGlobalSection
EndGlobal
